<?xml version="1.0" encoding="utf-8"?>
<Project ToolsVersion="4.0" xmlns="http://schemas.microsoft.com/developer/msbuild/2003">
  <ItemGroup>
    <Filter Include="Source Files">
      <UniqueIdentifier>{4FC737F1-C7A5-4376-A066-2A32D752A2FF}</UniqueIdentifier>
      <Extensions>cpp;c;cc;cxx;c++;cppm;ixx;def;odl;idl;hpj;bat;asm;asmx</Extensions>
    </Filter>
    <Filter Include="Header Files">
      <UniqueIdentifier>{93995380-89BD-4b04-88EB-625FBE52EBFB}</UniqueIdentifier>
      <Extensions>h;hh;hpp;hxx;h++;hm;inl;inc;ipp;xsd</Extensions>
    </Filter>
    <Filter Include="Resource Files">
      <UniqueIdentifier>{67DA6AB6-F800-4c08-8B7A-83BB121AAD01}</UniqueIdentifier>
      <Extensions>rc;ico;cur;bmp;dlg;rc2;rct;bin;rgs;gif;jpg;jpeg;jpe;resx;tiff;tif;png;wav;mfcribbon-ms</Extensions>
    </Filter>
    <Filter Include="Header Files\SDL2">
      <UniqueIdentifier>{3a1ef433-14ab-44fa-ab04-1ea2ac4100b7}</UniqueIdentifier>
    </Filter>
    <Filter Include="Generated Souirce Files">
      <UniqueIdentifier>{4fa2069a-4046-4392-9122-9466c5d34579}</UniqueIdentifier>
    </Filter>
  </ItemGroup>
  <ItemGroup>
    <ClCompile Include="..\src\Ammo.cpp">
      <Filter>Source Files</Filter>
    </ClCompile>
    <ClCompile Include="..\src\Audio.cpp">
      <Filter>Source Files</Filter>
    </ClCompile>
    <ClCompile Include="..\src\AudioSDLMixer.cpp">
      <Filter>Source Files</Filter>
    </ClCompile>
    <ClCompile Include="..\src\Config.cpp">
      <Filter>Source Files</Filter>
    </ClCompile>
    <ClCompile Include="..\src\EnemyAircraft.cpp">
      <Filter>Source Files</Filter>
    </ClCompile>
    <ClCompile Include="..\src\EnemyAircraft_Boss00.cpp">
      <Filter>Source Files</Filter>
    </ClCompile>
    <ClCompile Include="..\src\EnemyAircraft_Boss01.cpp">
      <Filter>Source Files</Filter>
    </ClCompile>
    <ClCompile Include="..\src\EnemyAircraft_Gnat.cpp">
      <Filter>Source Files</Filter>
    </ClCompile>
    <ClCompile Include="..\src\EnemyAircraft_Omni.cpp">
      <Filter>Source Files</Filter>
    </ClCompile>
    <ClCompile Include="..\src\EnemyAircraft_RayGun.cpp">
      <Filter>Source Files</Filter>
    </ClCompile>
    <ClCompile Include="..\src\EnemyAircraft_Straight.cpp">
      <Filter>Source Files</Filter>
    </ClCompile>
    <ClCompile Include="..\src\EnemyAircraft_Tank.cpp">
      <Filter>Source Files</Filter>
    </ClCompile>
    <ClCompile Include="..\src\EnemyAmmo.cpp">
      <Filter>Source Files</Filter>
    </ClCompile>
    <ClCompile Include="..\src\EnemyFleet.cpp">
      <Filter>Source Files</Filter>
    </ClCompile>
    <ClCompile Include="..\src\Explosions.cpp">
      <Filter>Source Files</Filter>
    </ClCompile>
    <ClCompile Include="..\src\Global.cpp">
      <Filter>Source Files</Filter>
    </ClCompile>
    <ClCompile Include="..\src\Ground.cpp">
      <Filter>Source Files</Filter>
    </ClCompile>
    <ClCompile Include="..\src\GroundMetal.cpp">
      <Filter>Source Files</Filter>
    </ClCompile>
    <ClCompile Include="..\src\GroundMetalSegment.cpp">
      <Filter>Source Files</Filter>
    </ClCompile>
    <ClCompile Include="..\src\GroundSea.cpp">
      <Filter>Source Files</Filter>
    </ClCompile>
    <ClCompile Include="..\src\GroundSeaSegment.cpp">
      <Filter>Source Files</Filter>
    </ClCompile>
    <ClCompile Include="..\src\GroundSegment.cpp">
      <Filter>Source Files</Filter>
    </ClCompile>
    <ClCompile Include="..\src\HeroAircraft.cpp">
      <Filter>Source Files</Filter>
    </ClCompile>
    <ClCompile Include="..\src\HeroAmmo.cpp">
      <Filter>Source Files</Filter>
    </ClCompile>
    <ClCompile Include="..\src\HiScore.cpp">
      <Filter>Source Files</Filter>
    </ClCompile>
    <ClCompile Include="..\src\Image.cpp">
      <Filter>Source Files</Filter>
    </ClCompile>
    <ClCompile Include="..\src\main.cpp">
      <Filter>Source Files</Filter>
    </ClCompile>
    <ClCompile Include="..\src\MainSDL.cpp">
      <Filter>Source Files</Filter>
    </ClCompile>
    <ClCompile Include="..\src\MainSDL_Event.cpp">
      <Filter>Source Files</Filter>
    </ClCompile>
    <ClCompile Include="..\src\PowerUps.cpp">
      <Filter>Source Files</Filter>
    </ClCompile>
    <ClCompile Include="..\src\ScreenItem.cpp">
      <Filter>Source Files</Filter>
    </ClCompile>
    <ClCompile Include="..\src\ScreenItemAdd.cpp">
      <Filter>Source Files</Filter>
    </ClCompile>
    <ClCompile Include="..\src\StatusDisplay.cpp">
      <Filter>Source Files</Filter>
    </ClCompile>
    <ClCompile Include="..\src\Text.cpp">
      <Filter>Source Files</Filter>
    </ClCompile>
    <ClCompile Include="..\src\textGeometryBSU.cpp">
      <Filter>Source Files</Filter>
    </ClCompile>
    <ClCompile Include="..\src\MainGL.cpp">
      <Filter>Source Files</Filter>
    </ClCompile>
    <ClCompile Include="..\src\MainToolkit.cpp">
      <Filter>Source Files</Filter>
    </ClCompile>
    <ClCompile Include="..\src\MenuGL.cpp">
      <Filter>Source Files</Filter>
    </ClCompile>
    <ClCompile Include="..\src\TextFTGL.cpp">
      <Filter>Source Files</Filter>
    </ClCompile>
    <ClCompile Include="..\src\textGeometryChromium.cpp">
      <Filter>Source Files</Filter>
    </ClCompile>
    <ClCompile Include="..\src\Simulation.cpp">
      <Filter>Source Files</Filter>
    </ClCompile>
    <ClCompile Include="..\src\Simulation_Hero.cpp">
      <Filter>Source Files</Filter>
    </ClCompile>
    <ClCompile Include="..\src\Input.cpp">
      <Filter>Source Files</Filter>
    </ClCompile>
    <ClCompile Include="..\src\Draw_GL_Hero.cpp">
      <Filter>Source Files</Filter>
    </ClCompile>
    <ClCompile Include="..\generated_src\Atlas.cpp">
      <Filter>Generated Souirce Files</Filter>
    </ClCompile>
    <ClCompile Include="..\generated_src\EnemyAircraft_Boss00_Draw_GL.cpp">
      <Filter>Generated Souirce Files</Filter>
    </ClCompile>
    <ClCompile Include="..\generated_src\EnemyAircraft_Boss00_Live.cpp">
      <Filter>Generated Souirce Files</Filter>
    </ClCompile>
    <ClCompile Include="..\generated_src\EnemyAircraft_Boss01_Draw_GL.cpp">
      <Filter>Generated Souirce Files</Filter>
    </ClCompile>
    <ClCompile Include="..\generated_src\EnemyAircraft_Boss01_Live.cpp">
      <Filter>Generated Souirce Files</Filter>
    </ClCompile>
    <ClCompile Include="..\generated_src\EnemyAircraft_Gnat_Draw_GL.cpp">
      <Filter>Generated Souirce Files</Filter>
    </ClCompile>
    <ClCompile Include="..\generated_src\EnemyAircraft_Gnat_Live.cpp">
      <Filter>Generated Souirce Files</Filter>
    </ClCompile>
    <ClCompile Include="..\generated_src\EnemyAircraft_Omni_Draw_GL.cpp">
      <Filter>Generated Souirce Files</Filter>
    </ClCompile>
    <ClCompile Include="..\generated_src\EnemyAircraft_Omni_Live.cpp">
      <Filter>Generated Souirce Files</Filter>
    </ClCompile>
    <ClCompile Include="..\generated_src\EnemyAircraft_RayGun_Draw_GL.cpp">
      <Filter>Generated Souirce Files</Filter>
    </ClCompile>
    <ClCompile Include="..\generated_src\EnemyAircraft_RayGun_Live.cpp">
      <Filter>Generated Souirce Files</Filter>
    </ClCompile>
    <ClCompile Include="..\generated_src\EnemyAircraft_Straight_Draw_GL.cpp">
      <Filter>Generated Souirce Files</Filter>
    </ClCompile>
    <ClCompile Include="..\generated_src\EnemyAircraft_Straight_Live.cpp">
      <Filter>Generated Souirce Files</Filter>
    </ClCompile>
    <ClCompile Include="..\generated_src\EnemyAircraft_Tank_Draw_GL.cpp">
      <Filter>Generated Souirce Files</Filter>
    </ClCompile>
    <ClCompile Include="..\generated_src\EnemyAircraft_Tank_Live.cpp">
      <Filter>Generated Souirce Files</Filter>
    </ClCompile>
    <ClCompile Include="..\generated_src\EnemyAmmo00_Draw_GL.cpp">
      <Filter>Generated Souirce Files</Filter>
    </ClCompile>
    <ClCompile Include="..\generated_src\EnemyAmmo00_Live.cpp">
      <Filter>Generated Souirce Files</Filter>
    </ClCompile>
    <ClCompile Include="..\generated_src\Formation.cpp">
      <Filter>Generated Souirce Files</Filter>
    </ClCompile>
    <ClCompile Include="..\generated_src\PowerUp_HeroAmmo00_Draw_GL.cpp">
      <Filter>Generated Souirce Files</Filter>
    </ClCompile>
    <ClCompile Include="..\generated_src\PowerUp_HeroAmmo00_Live.cpp">
      <Filter>Generated Souirce Files</Filter>
    </ClCompile>
    <ClCompile Include="..\generated_src\PowerUp_HeroAmmo01_Draw_GL.cpp">
      <Filter>Generated Souirce Files</Filter>
    </ClCompile>
    <ClCompile Include="..\generated_src\PowerUp_HeroAmmo01_Live.cpp">
      <Filter>Generated Souirce Files</Filter>
    </ClCompile>
    <ClCompile Include="..\generated_src\PowerUp_Shields_Draw_GL.cpp">
      <Filter>Generated Souirce Files</Filter>
    </ClCompile>
    <ClCompile Include="..\generated_src\PowerUp_Shields_Live.cpp">
      <Filter>Generated Souirce Files</Filter>
    </ClCompile>
  </ItemGroup>
  <ItemGroup>
    <ClInclude Include="..\src\Ammo.h">
      <Filter>Header Files</Filter>
    </ClInclude>
    <ClInclude Include="..\src\Audio.h">
      <Filter>Header Files</Filter>
    </ClInclude>
    <ClInclude Include="..\src\AudioSDLMixer.h">
      <Filter>Header Files</Filter>
    </ClInclude>
    <ClInclude Include="..\src\compatibility.h">
      <Filter>Header Files</Filter>
    </ClInclude>
    <ClInclude Include="..\src\Config.h">
      <Filter>Header Files</Filter>
    </ClInclude>
    <ClInclude Include="..\src\define.h">
      <Filter>Header Files</Filter>
    </ClInclude>
    <ClInclude Include="..\src\EnemyAircraft.h">
      <Filter>Header Files</Filter>
    </ClInclude>
    <ClInclude Include="..\src\EnemyAircraft_Boss00.h">
      <Filter>Header Files</Filter>
    </ClInclude>
    <ClInclude Include="..\src\EnemyAircraft_Boss01.h">
      <Filter>Header Files</Filter>
    </ClInclude>
    <ClInclude Include="..\src\EnemyAircraft_Gnat.h">
      <Filter>Header Files</Filter>
    </ClInclude>
    <ClInclude Include="..\src\EnemyAircraft_Omni.h">
      <Filter>Header Files</Filter>
    </ClInclude>
    <ClInclude Include="..\src\EnemyAircraft_RayGun.h">
      <Filter>Header Files</Filter>
    </ClInclude>
    <ClInclude Include="..\src\EnemyAircraft_Straight.h">
      <Filter>Header Files</Filter>
    </ClInclude>
    <ClInclude Include="..\src\EnemyAircraft_Tank.h">
      <Filter>Header Files</Filter>
    </ClInclude>
    <ClInclude Include="..\src\EnemyFleet.h">
      <Filter>Header Files</Filter>
    </ClInclude>
    <ClInclude Include="..\src\Explosions.h">
      <Filter>Header Files</Filter>
    </ClInclude>
    <ClInclude Include="..\src\extern.h">
      <Filter>Header Files</Filter>
    </ClInclude>
    <ClInclude Include="..\src\gettext.h">
      <Filter>Header Files</Filter>
    </ClInclude>
    <ClInclude Include="..\src\Global.h">
      <Filter>Header Files</Filter>
    </ClInclude>
    <ClInclude Include="..\src\Ground.h">
      <Filter>Header Files</Filter>
    </ClInclude>
    <ClInclude Include="..\src\GroundMetal.h">
      <Filter>Header Files</Filter>
    </ClInclude>
    <ClInclude Include="..\src\GroundMetalSegment.h">
      <Filter>Header Files</Filter>
    </ClInclude>
    <ClInclude Include="..\src\GroundSea.h">
      <Filter>Header Files</Filter>
    </ClInclude>
    <ClInclude Include="..\src\GroundSeaSegment.h">
      <Filter>Header Files</Filter>
    </ClInclude>
    <ClInclude Include="..\src\GroundSegment.h">
      <Filter>Header Files</Filter>
    </ClInclude>
    <ClInclude Include="..\src\HeroAircraft.h">
      <Filter>Header Files</Filter>
    </ClInclude>
    <ClInclude Include="..\src\HeroAmmo.h">
      <Filter>Header Files</Filter>
    </ClInclude>
    <ClInclude Include="..\src\HiScore.h">
      <Filter>Header Files</Filter>
    </ClInclude>
    <ClInclude Include="..\src\Image.h">
      <Filter>Header Files</Filter>
    </ClInclude>
    <ClInclude Include="..\src\main.h">
      <Filter>Header Files</Filter>
    </ClInclude>
    <ClInclude Include="..\src\MainSDL.h">
      <Filter>Header Files</Filter>
    </ClInclude>
    <ClInclude Include="..\src\PowerUps.h">
      <Filter>Header Files</Filter>
    </ClInclude>
    <ClInclude Include="..\src\ScreenItem.h">
      <Filter>Header Files</Filter>
    </ClInclude>
    <ClInclude Include="..\src\ScreenItemAdd.h">
      <Filter>Header Files</Filter>
    </ClInclude>
    <ClInclude Include="..\src\StatusDisplay.h">
      <Filter>Header Files</Filter>
    </ClInclude>
    <ClInclude Include="..\src\Text.h">
      <Filter>Header Files</Filter>
    </ClInclude>
    <ClInclude Include="..\src\textGeometry.h">
      <Filter>Header Files</Filter>
    </ClInclude>
    <ClInclude Include="..\external\SDL2-2.28.0\include\begin_code.h">
      <Filter>Header Files\SDL2</Filter>
    </ClInclude>
    <ClInclude Include="..\external\SDL2-2.28.0\include\close_code.h">
      <Filter>Header Files\SDL2</Filter>
    </ClInclude>
    <ClInclude Include="..\external\SDL2-2.28.0\include\SDL.h">
      <Filter>Header Files\SDL2</Filter>
    </ClInclude>
    <ClInclude Include="..\external\SDL2-2.28.0\include\SDL_assert.h">
      <Filter>Header Files\SDL2</Filter>
    </ClInclude>
    <ClInclude Include="..\external\SDL2-2.28.0\include\SDL_atomic.h">
      <Filter>Header Files\SDL2</Filter>
    </ClInclude>
    <ClInclude Include="..\external\SDL2-2.28.0\include\SDL_audio.h">
      <Filter>Header Files\SDL2</Filter>
    </ClInclude>
    <ClInclude Include="..\external\SDL2-2.28.0\include\SDL_bits.h">
      <Filter>Header Files\SDL2</Filter>
    </ClInclude>
    <ClInclude Include="..\external\SDL2-2.28.0\include\SDL_blendmode.h">
      <Filter>Header Files\SDL2</Filter>
    </ClInclude>
    <ClInclude Include="..\external\SDL2-2.28.0\include\SDL_clipboard.h">
      <Filter>Header Files\SDL2</Filter>
    </ClInclude>
    <ClInclude Include="..\external\SDL2-2.28.0\include\SDL_config.h">
      <Filter>Header Files\SDL2</Filter>
    </ClInclude>
    <ClInclude Include="..\external\SDL2-2.28.0\include\SDL_cpuinfo.h">
      <Filter>Header Files\SDL2</Filter>
    </ClInclude>
    <ClInclude Include="..\external\SDL2-2.28.0\include\SDL_egl.h">
      <Filter>Header Files\SDL2</Filter>
    </ClInclude>
    <ClInclude Include="..\external\SDL2-2.28.0\include\SDL_endian.h">
      <Filter>Header Files\SDL2</Filter>
    </ClInclude>
    <ClInclude Include="..\external\SDL2-2.28.0\include\SDL_error.h">
      <Filter>Header Files\SDL2</Filter>
    </ClInclude>
    <ClInclude Include="..\external\SDL2-2.28.0\include\SDL_events.h">
      <Filter>Header Files\SDL2</Filter>
    </ClInclude>
    <ClInclude Include="..\external\SDL2-2.28.0\include\SDL_filesystem.h">
      <Filter>Header Files\SDL2</Filter>
    </ClInclude>
    <ClInclude Include="..\external\SDL2-2.28.0\include\SDL_gamecontroller.h">
      <Filter>Header Files\SDL2</Filter>
    </ClInclude>
    <ClInclude Include="..\external\SDL2-2.28.0\include\SDL_gesture.h">
      <Filter>Header Files\SDL2</Filter>
    </ClInclude>
    <ClInclude Include="..\external\SDL2-2.28.0\include\SDL_guid.h">
      <Filter>Header Files\SDL2</Filter>
    </ClInclude>
    <ClInclude Include="..\external\SDL2-2.28.0\include\SDL_haptic.h">
      <Filter>Header Files\SDL2</Filter>
    </ClInclude>
    <ClInclude Include="..\external\SDL2-2.28.0\include\SDL_hidapi.h">
      <Filter>Header Files\SDL2</Filter>
    </ClInclude>
    <ClInclude Include="..\external\SDL2-2.28.0\include\SDL_hints.h">
      <Filter>Header Files\SDL2</Filter>
    </ClInclude>
    <ClInclude Include="..\external\SDL2-2.28.0\include\SDL_joystick.h">
      <Filter>Header Files\SDL2</Filter>
    </ClInclude>
    <ClInclude Include="..\external\SDL2-2.28.0\include\SDL_keyboard.h">
      <Filter>Header Files\SDL2</Filter>
    </ClInclude>
    <ClInclude Include="..\external\SDL2-2.28.0\include\SDL_keycode.h">
      <Filter>Header Files\SDL2</Filter>
    </ClInclude>
    <ClInclude Include="..\external\SDL2-2.28.0\include\SDL_loadso.h">
      <Filter>Header Files\SDL2</Filter>
    </ClInclude>
    <ClInclude Include="..\external\SDL2-2.28.0\include\SDL_locale.h">
      <Filter>Header Files\SDL2</Filter>
    </ClInclude>
    <ClInclude Include="..\external\SDL2-2.28.0\include\SDL_log.h">
      <Filter>Header Files\SDL2</Filter>
    </ClInclude>
    <ClInclude Include="..\external\SDL2-2.28.0\include\SDL_main.h">
      <Filter>Header Files\SDL2</Filter>
    </ClInclude>
    <ClInclude Include="..\external\SDL2-2.28.0\include\SDL_messagebox.h">
      <Filter>Header Files\SDL2</Filter>
    </ClInclude>
    <ClInclude Include="..\external\SDL2-2.28.0\include\SDL_metal.h">
      <Filter>Header Files\SDL2</Filter>
    </ClInclude>
    <ClInclude Include="..\external\SDL2-2.28.0\include\SDL_misc.h">
      <Filter>Header Files\SDL2</Filter>
    </ClInclude>
    <ClInclude Include="..\external\SDL2-2.28.0\include\SDL_mouse.h">
      <Filter>Header Files\SDL2</Filter>
    </ClInclude>
    <ClInclude Include="..\external\SDL2-2.28.0\include\SDL_mutex.h">
      <Filter>Header Files\SDL2</Filter>
    </ClInclude>
    <ClInclude Include="..\external\SDL2-2.28.0\include\SDL_name.h">
      <Filter>Header Files\SDL2</Filter>
    </ClInclude>
    <ClInclude Include="..\external\SDL2-2.28.0\include\SDL_opengl.h">
      <Filter>Header Files\SDL2</Filter>
    </ClInclude>
    <ClInclude Include="..\external\SDL2-2.28.0\include\SDL_opengl_glext.h">
      <Filter>Header Files\SDL2</Filter>
    </ClInclude>
    <ClInclude Include="..\external\SDL2-2.28.0\include\SDL_opengles.h">
      <Filter>Header Files\SDL2</Filter>
    </ClInclude>
    <ClInclude Include="..\external\SDL2-2.28.0\include\SDL_opengles2.h">
      <Filter>Header Files\SDL2</Filter>
    </ClInclude>
    <ClInclude Include="..\external\SDL2-2.28.0\include\SDL_opengles2_gl2.h">
      <Filter>Header Files\SDL2</Filter>
    </ClInclude>
    <ClInclude Include="..\external\SDL2-2.28.0\include\SDL_opengles2_gl2ext.h">
      <Filter>Header Files\SDL2</Filter>
    </ClInclude>
    <ClInclude Include="..\external\SDL2-2.28.0\include\SDL_opengles2_gl2platform.h">
      <Filter>Header Files\SDL2</Filter>
    </ClInclude>
    <ClInclude Include="..\external\SDL2-2.28.0\include\SDL_opengles2_khrplatform.h">
      <Filter>Header Files\SDL2</Filter>
    </ClInclude>
    <ClInclude Include="..\external\SDL2-2.28.0\include\SDL_pixels.h">
      <Filter>Header Files\SDL2</Filter>
    </ClInclude>
    <ClInclude Include="..\external\SDL2-2.28.0\include\SDL_platform.h">
      <Filter>Header Files\SDL2</Filter>
    </ClInclude>
    <ClInclude Include="..\external\SDL2-2.28.0\include\SDL_power.h">
      <Filter>Header Files\SDL2</Filter>
    </ClInclude>
    <ClInclude Include="..\external\SDL2-2.28.0\include\SDL_quit.h">
      <Filter>Header Files\SDL2</Filter>
    </ClInclude>
    <ClInclude Include="..\external\SDL2-2.28.0\include\SDL_rect.h">
      <Filter>Header Files\SDL2</Filter>
    </ClInclude>
    <ClInclude Include="..\external\SDL2-2.28.0\include\SDL_render.h">
      <Filter>Header Files\SDL2</Filter>
    </ClInclude>
    <ClInclude Include="..\external\SDL2-2.28.0\include\SDL_revision.h">
      <Filter>Header Files\SDL2</Filter>
    </ClInclude>
    <ClInclude Include="..\external\SDL2-2.28.0\include\SDL_rwops.h">
      <Filter>Header Files\SDL2</Filter>
    </ClInclude>
    <ClInclude Include="..\external\SDL2-2.28.0\include\SDL_scancode.h">
      <Filter>Header Files\SDL2</Filter>
    </ClInclude>
    <ClInclude Include="..\external\SDL2-2.28.0\include\SDL_sensor.h">
      <Filter>Header Files\SDL2</Filter>
    </ClInclude>
    <ClInclude Include="..\external\SDL2-2.28.0\include\SDL_shape.h">
      <Filter>Header Files\SDL2</Filter>
    </ClInclude>
    <ClInclude Include="..\external\SDL2-2.28.0\include\SDL_stdinc.h">
      <Filter>Header Files\SDL2</Filter>
    </ClInclude>
    <ClInclude Include="..\external\SDL2-2.28.0\include\SDL_surface.h">
      <Filter>Header Files\SDL2</Filter>
    </ClInclude>
    <ClInclude Include="..\external\SDL2-2.28.0\include\SDL_system.h">
      <Filter>Header Files\SDL2</Filter>
    </ClInclude>
    <ClInclude Include="..\external\SDL2-2.28.0\include\SDL_syswm.h">
      <Filter>Header Files\SDL2</Filter>
    </ClInclude>
    <ClInclude Include="..\external\SDL2-2.28.0\include\SDL_test.h">
      <Filter>Header Files\SDL2</Filter>
    </ClInclude>
    <ClInclude Include="..\external\SDL2-2.28.0\include\SDL_test_assert.h">
      <Filter>Header Files\SDL2</Filter>
    </ClInclude>
    <ClInclude Include="..\external\SDL2-2.28.0\include\SDL_test_common.h">
      <Filter>Header Files\SDL2</Filter>
    </ClInclude>
    <ClInclude Include="..\external\SDL2-2.28.0\include\SDL_test_compare.h">
      <Filter>Header Files\SDL2</Filter>
    </ClInclude>
    <ClInclude Include="..\external\SDL2-2.28.0\include\SDL_test_crc32.h">
      <Filter>Header Files\SDL2</Filter>
    </ClInclude>
    <ClInclude Include="..\external\SDL2-2.28.0\include\SDL_test_font.h">
      <Filter>Header Files\SDL2</Filter>
    </ClInclude>
    <ClInclude Include="..\external\SDL2-2.28.0\include\SDL_test_fuzzer.h">
      <Filter>Header Files\SDL2</Filter>
    </ClInclude>
    <ClInclude Include="..\external\SDL2-2.28.0\include\SDL_test_harness.h">
      <Filter>Header Files\SDL2</Filter>
    </ClInclude>
    <ClInclude Include="..\external\SDL2-2.28.0\include\SDL_test_images.h">
      <Filter>Header Files\SDL2</Filter>
    </ClInclude>
    <ClInclude Include="..\external\SDL2-2.28.0\include\SDL_test_log.h">
      <Filter>Header Files\SDL2</Filter>
    </ClInclude>
    <ClInclude Include="..\external\SDL2-2.28.0\include\SDL_test_md5.h">
      <Filter>Header Files\SDL2</Filter>
    </ClInclude>
    <ClInclude Include="..\external\SDL2-2.28.0\include\SDL_test_memory.h">
      <Filter>Header Files\SDL2</Filter>
    </ClInclude>
    <ClInclude Include="..\external\SDL2-2.28.0\include\SDL_test_random.h">
      <Filter>Header Files\SDL2</Filter>
    </ClInclude>
    <ClInclude Include="..\external\SDL2-2.28.0\include\SDL_thread.h">
      <Filter>Header Files\SDL2</Filter>
    </ClInclude>
    <ClInclude Include="..\external\SDL2-2.28.0\include\SDL_timer.h">
      <Filter>Header Files\SDL2</Filter>
    </ClInclude>
    <ClInclude Include="..\external\SDL2-2.28.0\include\SDL_touch.h">
      <Filter>Header Files\SDL2</Filter>
    </ClInclude>
    <ClInclude Include="..\external\SDL2-2.28.0\include\SDL_types.h">
      <Filter>Header Files\SDL2</Filter>
    </ClInclude>
    <ClInclude Include="..\external\SDL2-2.28.0\include\SDL_version.h">
      <Filter>Header Files\SDL2</Filter>
    </ClInclude>
    <ClInclude Include="..\external\SDL2-2.28.0\include\SDL_video.h">
      <Filter>Header Files\SDL2</Filter>
    </ClInclude>
    <ClInclude Include="..\external\SDL2-2.28.0\include\SDL_vulkan.h">
      <Filter>Header Files\SDL2</Filter>
    </ClInclude>
    <ClInclude Include="..\chromium-bsu-config.h">
      <Filter>Header Files</Filter>
    </ClInclude>
    <ClInclude Include="..\src\Draw.h">
      <Filter>Header Files</Filter>
    </ClInclude>
    <ClInclude Include="..\src\Simulation.h">
      <Filter>Header Files</Filter>
    </ClInclude>
    <ClInclude Include="..\src\Simulation_EnemyAircraft_Straight.h">
      <Filter>Header Files</Filter>
    </ClInclude>
    <ClInclude Include="..\src\Simulation_EnemyAmmo00.h">
      <Filter>Header Files</Filter>
    </ClInclude>
    <ClInclude Include="..\src\Simulation_Hero.h">
      <Filter>Source Files</Filter>
    </ClInclude>
    <ClInclude Include="..\src\Input.h">
      <Filter>Source Files</Filter>
    </ClInclude>
    <ClInclude Include="..\generated_src\Atlas.hpp">
      <Filter>Generated Souirce Files</Filter>
    </ClInclude>
    <ClInclude Include="..\generated_src\EnemyAircraft_Boss00_Live.hpp">
      <Filter>Generated Souirce Files</Filter>
    </ClInclude>
    <ClInclude Include="..\generated_src\EnemyAircraft_Boss01_Live.hpp">
      <Filter>Generated Souirce Files</Filter>
    </ClInclude>
    <ClInclude Include="..\generated_src\EnemyAircraft_Gnat_Live.hpp">
      <Filter>Generated Souirce Files</Filter>
    </ClInclude>
    <ClInclude Include="..\generated_src\EnemyAircraft_Omni_Live.hpp">
      <Filter>Generated Souirce Files</Filter>
    </ClInclude>
    <ClInclude Include="..\generated_src\EnemyAircraft_RayGun_Live.hpp">
      <Filter>Generated Souirce Files</Filter>
    </ClInclude>
    <ClInclude Include="..\generated_src\EnemyAircraft_Straight_Live.hpp">
      <Filter>Generated Souirce Files</Filter>
    </ClInclude>
    <ClInclude Include="..\generated_src\EnemyAircraft_Tank_Live.hpp">
      <Filter>Generated Souirce Files</Filter>
    </ClInclude>
    <ClInclude Include="..\generated_src\EnemyAmmo00_Live.hpp">
      <Filter>Generated Souirce Files</Filter>
    </ClInclude>
    <ClInclude Include="..\generated_src\Formation.hpp">
      <Filter>Generated Souirce Files</Filter>
    </ClInclude>
    <ClInclude Include="..\generated_src\PowerUp_HeroAmmo00_Live.hpp">
      <Filter>Generated Souirce Files</Filter>
    </ClInclude>
    <ClInclude Include="..\generated_src\PowerUp_HeroAmmo01_Live.hpp">
      <Filter>Generated Souirce Files</Filter>
    </ClInclude>
    <ClInclude Include="..\generated_src\PowerUp_Shields_Live.hpp">
      <Filter>Generated Souirce Files</Filter>
    </ClInclude>
  </ItemGroup>
</Project>